<?xml version="1.0" encoding="utf-8"?>
<Project ToolsVersion="4.0" xmlns="http://schemas.microsoft.com/developer/msbuild/2003">
  <ItemGroup>
    <Filter Include="source">
      <UniqueIdentifier>{d063f7df-2ad6-4240-acc9-9794b0157565}</UniqueIdentifier>
      <Extensions>cpp;c;cxx;def;odl;idl;hpj;bat;asm</Extensions>
    </Filter>
    <Filter Include="include">
      <UniqueIdentifier>{1797f677-a266-4ff3-9e72-c73fffe2972f}</UniqueIdentifier>
      <Extensions>h;hpp;hxx;hm;inl;inc</Extensions>
    </Filter>
    <Filter Include="resource">
      <UniqueIdentifier>{375befee-3138-4b4a-a956-23acd17042a9}</UniqueIdentifier>
      <Extensions>rc;ico;cur;bmp;dlg;rc2;rct;bin;rgs;jpg;jpeg;jpe;png;manifest</Extensions>
    </Filter>
  </ItemGroup>
  <ItemGroup>
    <Image Include="res\GhostHouse.ico">
      <Filter>resource</Filter>
    </Image>
    <Image Include="..\Resources\CloseSelected.png">
      <Filter>resource</Filter>
    </Image>
    <Image Include="..\Resources\CloseNormal.png">
      <Filter>resource</Filter>
    </Image>
    <Image Include="..\Resources\angel_normal.png">
      <Filter>resource</Filter>
    </Image>
    <Image Include="..\Resources\HelloWorld.png">
      <Filter>resource</Filter>
    </Image>
    <Image Include="..\Resources\StartButton.png">
      <Filter>resource</Filter>
    </Image>
    <Image Include="..\Resources\StartButtonSelected.png">
      <Filter>resource</Filter>
    </Image>
    <Image Include="..\Resources\GamePlayBackground.png">
      <Filter>resource</Filter>
    </Image>
    <Image Include="..\Resources\PauseButtonSelected.png">
      <Filter>resource</Filter>
    </Image>
    <Image Include="..\Resources\PauseButton.png">
      <Filter>resource</Filter>
    </Image>
    <Image Include="..\Resources\BackArrow.png">
      <Filter>resource</Filter>
    </Image>
    <Image Include="..\Resources\BackArrowSelected.png">
      <Filter>resource</Filter>
    </Image>
    <Image Include="..\Resources\PreferencesBackground.png">
      <Filter>resource</Filter>
    </Image>
    <Image Include="..\Resources\OptionsButton.png">
      <Filter>resource</Filter>
    </Image>
    <Image Include="..\Resources\OptionsButtonSelected.png">
      <Filter>resource</Filter>
    </Image>
    <Image Include="..\Resources\PauseDialogBox.png">
      <Filter>resource</Filter>
    </Image>
    <Image Include="..\Resources\PauseBox_ResumeButton.png">
      <Filter>resource</Filter>
    </Image>
    <Image Include="..\Resources\PauseBox_ResumeButtonSelected.png">
      <Filter>resource</Filter>
    </Image>
    <Image Include="..\Resources\ghost1.png">
      <Filter>resource</Filter>
    </Image>
    <Image Include="..\Resources\ghost2.png">
      <Filter>resource</Filter>
    </Image>
    <Image Include="..\Resources\MainMenuButton.png">
      <Filter>resource</Filter>
    </Image>
    <Image Include="..\Resources\MainMenuButtonSelected.png">
      <Filter>resource</Filter>
    </Image>
    <Image Include="..\Resources\streak.png">
      <Filter>resource</Filter>
    </Image>
    <Image Include="..\Resources\GameOverBox.png">
      <Filter>resource</Filter>
    </Image>
    <Image Include="..\Resources\PowerStar.png">
      <Filter>resource</Filter>
    </Image>
  </ItemGroup>
  <ItemGroup>
    <ResourceCompile Include="GhostHouse.rc">
      <Filter>resource</Filter>
    </ResourceCompile>
  </ItemGroup>
  <ItemGroup>
    <ClInclude Include="resource.h">
      <Filter>include</Filter>
    </ClInclude>
    <ClInclude Include="main.h">
      <Filter>include</Filter>
    </ClInclude>
    <ClInclude Include="..\Classes\AppDelegate.h">
      <Filter>include</Filter>
    </ClInclude>
    <ClInclude Include="StartScreenScene.h">
      <Filter>include</Filter>
    </ClInclude>
    <ClInclude Include="..\Classes\GamePlayScene.h">
      <Filter>include</Filter>
    </ClInclude>
    <ClInclude Include="PreferencesScene.h">
      <Filter>include</Filter>
    </ClInclude>
    <ClInclude Include="Characters.h">
      <Filter>include</Filter>
    </ClInclude>
    <ClInclude Include="PauseLayer.h">
      <Filter>include</Filter>
    </ClInclude>
  </ItemGroup>
  <ItemGroup>
    <ClCompile Include="main.cpp">
      <Filter>source</Filter>
    </ClCompile>
    <ClCompile Include="..\Classes\AppDelegate.cpp">
      <Filter>source</Filter>
    </ClCompile>
    <ClCompile Include="StartScreenScene.cpp">
      <Filter>source</Filter>
    </ClCompile>
    <ClCompile Include="..\Classes\GamePlayScene.cpp">
      <Filter>source</Filter>
    </ClCompile>
    <ClCompile Include="PreferencesScene.cpp">
      <Filter>source</Filter>
    </ClCompile>
    <ClCompile Include="Items.cpp">
      <Filter>source</Filter>
    </ClCompile>
    <ClCompile Include="PauseLayer.cpp">
      <Filter>source</Filter>
    </ClCompile>
  </ItemGroup>
  <ItemGroup>
    <Media Include="..\Resources\tick.wav">
      <Filter>resource</Filter>
    </Media>
    <Media Include="..\Resources\ItemDeselect.wav">
      <Filter>resource</Filter>
    </Media>
    <Media Include="..\Resources\ItemSelect.wav">
      <Filter>resource</Filter>
    </Media>
    <Media Include="..\Resources\click.wav">
      <Filter>resource</Filter>
    </Media>
    <Media Include="..\Resources\hit.Wav">
      <Filter>resource</Filter>
    </Media>
  </ItemGroup>
</Project>